
Microsoft Visual Studio Solution File, Format Version 12.00
# Visual Studio Version 17
VisualStudioVersion = 17.12.35506.116
MinimumVisualStudioVersion = 10.0.40219.1
Project("{2150E333-8FDC-42A3-9474-1A3956D46DE8}") = "Tests", "Tests", "{4A7824FE-2691-453F-BC53-DFFAF48C5713}"
EndProject
Project("{FAE04EC0-301F-11D3-BF4B-00C04F79EFBC}") = "TestQr", "TestQr\TestQr.csproj", "{55A8015F-B87B-4636-B932-BA1027E7B8BD}"
EndProject
Project("{2150E333-8FDC-42A3-9474-1A3956D46DE8}") = "Application", "Application", "{033F9AD2-C072-4D2B-8295-F75D346FE861}"
EndProject
Project("{2150E333-8FDC-42A3-9474-1A3956D46DE8}") = "Shared", "Shared", "{DFBCE4FD-6322-40AF-8981-83DB623DA5D5}"
EndProject
Project("{2150E333-8FDC-42A3-9474-1A3956D46DE8}") = "API", "API", "{3C127232-65C8-4141-B2BC-020672B99E7F}"
EndProject
Project("{2150E333-8FDC-42A3-9474-1A3956D46DE8}") = "Core", "Core", "{54325DCD-7823-41A2-8A07-A9A4ADBF33F9}"
EndProject
Project("{FAE04EC0-301F-11D3-BF4B-00C04F79EFBC}") = "QrPay.Application", "QrPay.Application\QrPay.Application.csproj", "{1C5F0CFB-6A0E-4066-BBA5-C6EEA2141316}"
EndProject
Project("{FAE04EC0-301F-11D3-BF4B-00C04F79EFBC}") = "QrPay.Shared", "QrPay.Shared\QrPay.Shared.csproj", "{3378782E-4E90-4205-9C9A-BD1EED78E04D}"
EndProject
Project("{2150E333-8FDC-42A3-9474-1A3956D46DE8}") = "Database", "Database", "{DACF72F0-B697-405D-9A10-FD2A7F2B29DC}"
EndProject
Project("{FAE04EC0-301F-11D3-BF4B-00C04F79EFBC}") = "QrPay.Database", "QrPay.Database\QrPay.Database.csproj", "{1061B2CD-79E5-448A-8F4D-FC4DAD95631A}"
EndProject
Project("{2150E333-8FDC-42A3-9474-1A3956D46DE8}") = "Domain", "Domain", "{C7D94607-EF7C-45C6-B960-14846C638134}"
EndProject
Project("{FAE04EC0-301F-11D3-BF4B-00C04F79EFBC}") = "QrPay.Domain", "QrPay.Domain\QrPay.Domain.csproj", "{00C91116-956B-4DAE-8F5A-0BBF91595DB5}"
EndProject
Project("{FAE04EC0-301F-11D3-BF4B-00C04F79EFBC}") = "QrPay.API", "QrPay.API\QrPay.API.csproj", "{98291989-124C-4AB6-A970-57C023A5143A}"
EndProject
Project("{2150E333-8FDC-42A3-9474-1A3956D46DE8}") = "Ioc", "Ioc", "{987EA7B5-5A48-48D5-87ED-4D55D6365849}"
EndProject
Project("{FAE04EC0-301F-11D3-BF4B-00C04F79EFBC}") = "QrPay.Ioc", "QrPay.Ioc\QrPay.Ioc.csproj", "{9E1AA43C-1320-42A8-ABF9-5E929D6C6854}"
EndProject
Project("{2150E333-8FDC-42A3-9474-1A3956D46DE8}") = "Solution Items", "Solution Items", "{F3DF0E3B-3909-49BA-8B01-DB184AA49F8E}"
	ProjectSection(SolutionItems) = preProject
		migrations.txt = migrations.txt
	EndProjectSection
EndProject
Global
	GlobalSection(SolutionConfigurationPlatforms) = preSolution
		Debug|Any CPU = Debug|Any CPU
		Release|Any CPU = Release|Any CPU
	EndGlobalSection
	GlobalSection(ProjectConfigurationPlatforms) = postSolution
		{55A8015F-B87B-4636-B932-BA1027E7B8BD}.Debug|Any CPU.ActiveCfg = Debug|Any CPU
		{55A8015F-B87B-4636-B932-BA1027E7B8BD}.Debug|Any CPU.Build.0 = Debug|Any CPU
		{55A8015F-B87B-4636-B932-BA1027E7B8BD}.Release|Any CPU.ActiveCfg = Release|Any CPU
		{55A8015F-B87B-4636-B932-BA1027E7B8BD}.Release|Any CPU.Build.0 = Release|Any CPU
		{1C5F0CFB-6A0E-4066-BBA5-C6EEA2141316}.Debug|Any CPU.ActiveCfg = Debug|Any CPU
		{1C5F0CFB-6A0E-4066-BBA5-C6EEA2141316}.Debug|Any CPU.Build.0 = Debug|Any CPU
		{1C5F0CFB-6A0E-4066-BBA5-C6EEA2141316}.Release|Any CPU.ActiveCfg = Release|Any CPU
		{1C5F0CFB-6A0E-4066-BBA5-C6EEA2141316}.Release|Any CPU.Build.0 = Release|Any CPU
		{3378782E-4E90-4205-9C9A-BD1EED78E04D}.Debug|Any CPU.ActiveCfg = Debug|Any CPU
		{3378782E-4E90-4205-9C9A-BD1EED78E04D}.Debug|Any CPU.Build.0 = Debug|Any CPU
		{3378782E-4E90-4205-9C9A-BD1EED78E04D}.Release|Any CPU.ActiveCfg = Release|Any CPU
		{3378782E-4E90-4205-9C9A-BD1EED78E04D}.Release|Any CPU.Build.0 = Release|Any CPU
		{1061B2CD-79E5-448A-8F4D-FC4DAD95631A}.Debug|Any CPU.ActiveCfg = Debug|Any CPU
		{1061B2CD-79E5-448A-8F4D-FC4DAD95631A}.Debug|Any CPU.Build.0 = Debug|Any CPU
		{1061B2CD-79E5-448A-8F4D-FC4DAD95631A}.Release|Any CPU.ActiveCfg = Release|Any CPU
		{1061B2CD-79E5-448A-8F4D-FC4DAD95631A}.Release|Any CPU.Build.0 = Release|Any CPU
		{00C91116-956B-4DAE-8F5A-0BBF91595DB5}.Debug|Any CPU.ActiveCfg = Debug|Any CPU
		{00C91116-956B-4DAE-8F5A-0BBF91595DB5}.Debug|Any CPU.Build.0 = Debug|Any CPU
		{00C91116-956B-4DAE-8F5A-0BBF91595DB5}.Release|Any CPU.ActiveCfg = Release|Any CPU
		{00C91116-956B-4DAE-8F5A-0BBF91595DB5}.Release|Any CPU.Build.0 = Release|Any CPU
		{98291989-124C-4AB6-A970-57C023A5143A}.Debug|Any CPU.ActiveCfg = Debug|Any CPU
		{98291989-124C-4AB6-A970-57C023A5143A}.Debug|Any CPU.Build.0 = Debug|Any CPU
		{98291989-124C-4AB6-A970-57C023A5143A}.Release|Any CPU.ActiveCfg = Release|Any CPU
		{98291989-124C-4AB6-A970-57C023A5143A}.Release|Any CPU.Build.0 = Release|Any CPU
		{9E1AA43C-1320-42A8-ABF9-5E929D6C6854}.Debug|Any CPU.ActiveCfg = Debug|Any CPU
		{9E1AA43C-1320-42A8-ABF9-5E929D6C6854}.Debug|Any CPU.Build.0 = Debug|Any CPU
		{9E1AA43C-1320-42A8-ABF9-5E929D6C6854}.Release|Any CPU.ActiveCfg = Release|Any CPU
		{9E1AA43C-1320-42A8-ABF9-5E929D6C6854}.Release|Any CPU.Build.0 = Release|Any CPU
	EndGlobalSection
	GlobalSection(SolutionProperties) = preSolution
		HideSolutionNode = FALSE
	EndGlobalSection
	GlobalSection(NestedProjects) = preSolution
		{55A8015F-B87B-4636-B932-BA1027E7B8BD} = {4A7824FE-2691-453F-BC53-DFFAF48C5713}
		{033F9AD2-C072-4D2B-8295-F75D346FE861} = {54325DCD-7823-41A2-8A07-A9A4ADBF33F9}
		{1C5F0CFB-6A0E-4066-BBA5-C6EEA2141316} = {033F9AD2-C072-4D2B-8295-F75D346FE861}
		{3378782E-4E90-4205-9C9A-BD1EED78E04D} = {DFBCE4FD-6322-40AF-8981-83DB623DA5D5}
		{1061B2CD-79E5-448A-8F4D-FC4DAD95631A} = {DACF72F0-B697-405D-9A10-FD2A7F2B29DC}
		{C7D94607-EF7C-45C6-B960-14846C638134} = {54325DCD-7823-41A2-8A07-A9A4ADBF33F9}
		{00C91116-956B-4DAE-8F5A-0BBF91595DB5} = {C7D94607-EF7C-45C6-B960-14846C638134}
		{98291989-124C-4AB6-A970-57C023A5143A} = {3C127232-65C8-4141-B2BC-020672B99E7F}
		{9E1AA43C-1320-42A8-ABF9-5E929D6C6854} = {987EA7B5-5A48-48D5-87ED-4D55D6365849}
	EndGlobalSection
EndGlobal
